// !$*UTF8*$!
{
	archiveVersion = 1;
	classes = {
	};
	objectVersion = 56;
	objects = {

/* Begin PBXBuildFile section */
		DF596EBA29066BB500089861 /* AppDelegate.swift in Sources */ = {isa = PBXBuildFile; fileRef = DF596EB929066BB500089861 /* AppDelegate.swift */; };
		DF596EBC29066BB500089861 /* SceneDelegate.swift in Sources */ = {isa = PBXBuildFile; fileRef = DF596EBB29066BB500089861 /* SceneDelegate.swift */; };
		DF596EC329066BB700089861 /* Assets.xcassets in Resources */ = {isa = PBXBuildFile; fileRef = DF596EC229066BB700089861 /* Assets.xcassets */; };
		DF596ED92906704D00089861 /* LaunchScreen.storyboard in Resources */ = {isa = PBXBuildFile; fileRef = DF596ED22906704D00089861 /* LaunchScreen.storyboard */; };
		DF596EDA2906704D00089861 /* Main.storyboard in Resources */ = {isa = PBXBuildFile; fileRef = DF596ED32906704D00089861 /* Main.storyboard */; };
		DF596EDC290677A700089861 /* RepoListViewController.swift in Sources */ = {isa = PBXBuildFile; fileRef = DF596EDB290677A700089861 /* RepoListViewController.swift */; };
		DF596EE02906787B00089861 /* DataProvider.swift in Sources */ = {isa = PBXBuildFile; fileRef = DF596EDF2906787B00089861 /* DataProvider.swift */; };
		DFC6D9D82906C275005C7010 /* ListViewModel.swift in Sources */ = {isa = PBXBuildFile; fileRef = DFC6D9D72906C275005C7010 /* ListViewModel.swift */; };
		DFC6D9DA2906C305005C7010 /* RepoListViewModel.swift in Sources */ = {isa = PBXBuildFile; fileRef = DFC6D9D92906C305005C7010 /* RepoListViewModel.swift */; };
		DFC6D9DC2906C376005C7010 /* RepoSearchResult.swift in Sources */ = {isa = PBXBuildFile; fileRef = DFC6D9DB2906C376005C7010 /* RepoSearchResult.swift */; };
/* End PBXBuildFile section */

/* Begin PBXFileReference section */
		DF596EB629066BB500089861 /* GitRepoSearch.app */ = {isa = PBXFileReference; explicitFileType = wrapper.application; includeInIndex = 0; path = GitRepoSearch.app; sourceTree = BUILT_PRODUCTS_DIR; };
		DF596EB929066BB500089861 /* AppDelegate.swift */ = {isa = PBXFileReference; lastKnownFileType = sourcecode.swift; path = AppDelegate.swift; sourceTree = "<group>"; };
		DF596EBB29066BB500089861 /* SceneDelegate.swift */ = {isa = PBXFileReference; lastKnownFileType = sourcecode.swift; path = SceneDelegate.swift; sourceTree = "<group>"; };
		DF596EC229066BB700089861 /* Assets.xcassets */ = {isa = PBXFileReference; lastKnownFileType = folder.assetcatalog; path = Assets.xcassets; sourceTree = "<group>"; };
		DF596EC729066BB700089861 /* Info.plist */ = {isa = PBXFileReference; lastKnownFileType = text.plist.xml; path = Info.plist; sourceTree = "<group>"; };
		DF596ED22906704D00089861 /* LaunchScreen.storyboard */ = {isa = PBXFileReference; fileEncoding = 4; lastKnownFileType = file.storyboard; path = LaunchScreen.storyboard; sourceTree = "<group>"; };
		DF596ED32906704D00089861 /* Main.storyboard */ = {isa = PBXFileReference; fileEncoding = 4; lastKnownFileType = file.storyboard; path = Main.storyboard; sourceTree = "<group>"; };
		DF596EDB290677A700089861 /* RepoListViewController.swift */ = {isa = PBXFileReference; lastKnownFileType = sourcecode.swift; path = RepoListViewController.swift; sourceTree = "<group>"; };
		DF596EDF2906787B00089861 /* DataProvider.swift */ = {isa = PBXFileReference; lastKnownFileType = sourcecode.swift; path = DataProvider.swift; sourceTree = "<group>"; };
		DFC6D9D72906C275005C7010 /* ListViewModel.swift */ = {isa = PBXFileReference; lastKnownFileType = sourcecode.swift; path = ListViewModel.swift; sourceTree = "<group>"; };
		DFC6D9D92906C305005C7010 /* RepoListViewModel.swift */ = {isa = PBXFileReference; lastKnownFileType = sourcecode.swift; path = RepoListViewModel.swift; sourceTree = "<group>"; };
		DFC6D9DB2906C376005C7010 /* RepoSearchResult.swift */ = {isa = PBXFileReference; lastKnownFileType = sourcecode.swift; path = RepoSearchResult.swift; sourceTree = "<group>"; };
/* End PBXFileReference section */

/* Begin PBXFrameworksBuildPhase section */
		DF596EB329066BB500089861 /* Frameworks */ = {
			isa = PBXFrameworksBuildPhase;
			buildActionMask = 2147483647;
			files = (
			);
			runOnlyForDeploymentPostprocessing = 0;
		};
/* End PBXFrameworksBuildPhase section */

/* Begin PBXGroup section */
		DF596EAD29066BB500089861 = {
			isa = PBXGroup;
			children = (
				DF596EB829066BB500089861 /* GitRepoSearch */,
				DF596EB729066BB500089861 /* Products */,
			);
			sourceTree = "<group>";
		};
		DF596EB729066BB500089861 /* Products */ = {
			isa = PBXGroup;
			children = (
				DF596EB629066BB500089861 /* GitRepoSearch.app */,
			);
			name = Products;
			sourceTree = "<group>";
		};
		DF596EB829066BB500089861 /* GitRepoSearch */ = {
			isa = PBXGroup;
			children = (
				DF596ECD2906704D00089861 /* Extension */,
				DF596ED52906704D00089861 /* DataProvider */,
				DF596ED62906704D00089861 /* Model */,
				DF596ED72906704D00089861 /* Networking */,
				DF596ED02906704D00089861 /* View */,
				DF596ECE2906704D00089861 /* ViewController */,
				DF596ED42906704D00089861 /* ViewModel */,
				DF596EB929066BB500089861 /* AppDelegate.swift */,
				DF596EBB29066BB500089861 /* SceneDelegate.swift */,
				DF596EC229066BB700089861 /* Assets.xcassets */,
				DF596EC729066BB700089861 /* Info.plist */,
			);
			path = GitRepoSearch;
			sourceTree = "<group>";
		};
		DF596ECD2906704D00089861 /* Extension */ = {
			isa = PBXGroup;
			children = (
			);
			path = Extension;
			sourceTree = "<group>";
		};
		DF596ECE2906704D00089861 /* ViewController */ = {
			isa = PBXGroup;
			children = (
				DF596EDB290677A700089861 /* RepoListViewController.swift */,
			);
			path = ViewController;
			sourceTree = "<group>";
		};
		DF596ED02906704D00089861 /* View */ = {
			isa = PBXGroup;
			children = (
				DF596ED12906704D00089861 /* Storyboard */,
			);
			path = View;
			sourceTree = "<group>";
		};
		DF596ED12906704D00089861 /* Storyboard */ = {
			isa = PBXGroup;
			children = (
				DF596ED22906704D00089861 /* LaunchScreen.storyboard */,
				DF596ED32906704D00089861 /* Main.storyboard */,
			);
			path = Storyboard;
			sourceTree = "<group>";
		};
		DF596ED42906704D00089861 /* ViewModel */ = {
			isa = PBXGroup;
			children = (
				DFC6D9D62906C237005C7010 /* Protocol */,
				DFC6D9D92906C305005C7010 /* RepoListViewModel.swift */,
			);
			path = ViewModel;
			sourceTree = "<group>";
		};
		DF596ED52906704D00089861 /* DataProvider */ = {
			isa = PBXGroup;
			children = (
				DF596EDF2906787B00089861 /* DataProvider.swift */,
			);
			path = DataProvider;
			sourceTree = "<group>";
		};
		DF596ED62906704D00089861 /* Model */ = {
			isa = PBXGroup;
			children = (
				DFC6D9DB2906C376005C7010 /* RepoSearchResult.swift */,
			);
			path = Model;
			sourceTree = "<group>";
		};
		DF596ED72906704D00089861 /* Networking */ = {
			isa = PBXGroup;
			children = (
			);
			path = Networking;
			sourceTree = "<group>";
		};
		DFC6D9D62906C237005C7010 /* Protocol */ = {
			isa = PBXGroup;
			children = (
				DFC6D9D72906C275005C7010 /* ListViewModel.swift */,
			);
			path = Protocol;
			sourceTree = "<group>";
		};
/* End PBXGroup section */

/* Begin PBXNativeTarget section */
		DF596EB529066BB500089861 /* GitRepoSearch */ = {
			isa = PBXNativeTarget;
			buildConfigurationList = DF596ECA29066BB700089861 /* Build configuration list for PBXNativeTarget "GitRepoSearch" */;
			buildPhases = (
				DF596EB229066BB500089861 /* Sources */,
				DF596EB329066BB500089861 /* Frameworks */,
				DF596EB429066BB500089861 /* Resources */,
			);
			buildRules = (
			);
			dependencies = (
			);
			name = GitRepoSearch;
			productName = GitRepoSearch;
			productReference = DF596EB629066BB500089861 /* GitRepoSearch.app */;
			productType = "com.apple.product-type.application";
		};
/* End PBXNativeTarget section */

/* Begin PBXProject section */
		DF596EAE29066BB500089861 /* Project object */ = {
			isa = PBXProject;
			attributes = {
				BuildIndependentTargetsInParallel = 1;
				LastSwiftUpdateCheck = 1400;
				LastUpgradeCheck = 1400;
				TargetAttributes = {
					DF596EB529066BB500089861 = {
						CreatedOnToolsVersion = 14.0;
					};
				};
			};
			buildConfigurationList = DF596EB129066BB500089861 /* Build configuration list for PBXProject "GitRepoSearch" */;
			compatibilityVersion = "Xcode 14.0";
			developmentRegion = en;
			hasScannedForEncodings = 0;
			knownRegions = (
				en,
				Base,
			);
			mainGroup = DF596EAD29066BB500089861;
			productRefGroup = DF596EB729066BB500089861 /* Products */;
			projectDirPath = "";
			projectRoot = "";
			targets = (
				DF596EB529066BB500089861 /* GitRepoSearch */,
			);
		};
/* End PBXProject section */

/* Begin PBXResourcesBuildPhase section */
		DF596EB429066BB500089861 /* Resources */ = {
			isa = PBXResourcesBuildPhase;
			buildActionMask = 2147483647;
			files = (
				DF596EDA2906704D00089861 /* Main.storyboard in Resources */,
				DF596EC329066BB700089861 /* Assets.xcassets in Resources */,
				DF596ED92906704D00089861 /* LaunchScreen.storyboard in Resources */,
			);
			runOnlyForDeploymentPostprocessing = 0;
		};
/* End PBXResourcesBuildPhase section */

/* Begin PBXSourcesBuildPhase section */
		DF596EB229066BB500089861 /* Sources */ = {
			isa = PBXSourcesBuildPhase;
			buildActionMask = 2147483647;
			files = (
				DF596EBA29066BB500089861 /* AppDelegate.swift in Sources */,
				DFC6D9D82906C275005C7010 /* ListViewModel.swift in Sources */,
				DFC6D9DA2906C305005C7010 /* RepoListViewModel.swift in Sources */,
				DF596EE02906787B00089861 /* DataProvider.swift in Sources */,
				DF596EDC290677A700089861 /* RepoListViewController.swift in Sources */,
				DFC6D9DC2906C376005C7010 /* RepoSearchResult.swift in Sources */,
				DF596EBC29066BB500089861 /* SceneDelegate.swift in Sources */,
			);
			runOnlyForDeploymentPostprocessing = 0;
		};
/* End PBXSourcesBuildPhase section */

/* Begin XCBuildConfiguration section */
		DF596EC829066BB700089861 /* Debug */ = {
			isa = XCBuildConfiguration;
			buildSettings = {
				ALWAYS_SEARCH_USER_PATHS = NO;
				CLANG_ANALYZER_NONNULL = YES;
				CLANG_ANALYZER_NUMBER_OBJECT_CONVERSION = YES_AGGRESSIVE;
				CLANG_CXX_LANGUAGE_STANDARD = "gnu++20";
				CLANG_ENABLE_MODULES = YES;
				CLANG_ENABLE_OBJC_ARC = YES;
				CLANG_ENABLE_OBJC_WEAK = YES;
				CLANG_WARN_BLOCK_CAPTURE_AUTORELEASING = YES;
				CLANG_WARN_BOOL_CONVERSION = YES;
				CLANG_WARN_COMMA = YES;
				CLANG_WARN_CONSTANT_CONVERSION = YES;
				CLANG_WARN_DEPRECATED_OBJC_IMPLEMENTATIONS = YES;
				CLANG_WARN_DIRECT_OBJC_ISA_USAGE = YES_ERROR;
				CLANG_WARN_DOCUMENTATION_COMMENTS = YES;
				CLANG_WARN_EMPTY_BODY = YES;
				CLANG_WARN_ENUM_CONVERSION = YES;
				CLANG_WARN_INFINITE_RECURSION = YES;
				CLANG_WARN_INT_CONVERSION = YES;
				CLANG_WARN_NON_LITERAL_NULL_CONVERSION = YES;
				CLANG_WARN_OBJC_IMPLICIT_RETAIN_SELF = YES;
				CLANG_WARN_OBJC_LITERAL_CONVERSION = YES;
				CLANG_WARN_OBJC_ROOT_CLASS = YES_ERROR;
				CLANG_WARN_QUOTED_INCLUDE_IN_FRAMEWORK_HEADER = YES;
				CLANG_WARN_RANGE_LOOP_ANALYSIS = YES;
				CLANG_WARN_STRICT_PROTOTYPES = YES;
				CLANG_WARN_SUSPICIOUS_MOVE = YES;
				CLANG_WARN_UNGUARDED_AVAILABILITY = YES_AGGRESSIVE;
				CLANG_WARN_UNREACHABLE_CODE = YES;
				CLANG_WARN__DUPLICATE_METHOD_MATCH = YES;
				COPY_PHASE_STRIP = NO;
				DEBUG_INFORMATION_FORMAT = dwarf;
				ENABLE_STRICT_OBJC_MSGSEND = YES;
				ENABLE_TESTABILITY = YES;
				GCC_C_LANGUAGE_STANDARD = gnu11;
				GCC_DYNAMIC_NO_PIC = NO;
				GCC_NO_COMMON_BLOCKS = YES;
				GCC_OPTIMIZATION_LEVEL = 0;
				GCC_PREPROCESSOR_DEFINITIONS = (
					"DEBUG=1",
					"$(inherited)",
				);
				GCC_WARN_64_TO_32_BIT_CONVERSION = YES;
				GCC_WARN_ABOUT_RETURN_TYPE = YES_ERROR;
				GCC_WARN_UNDECLARED_SELECTOR = YES;
				GCC_WARN_UNINITIALIZED_AUTOS = YES_AGGRESSIVE;
				GCC_WARN_UNUSED_FUNCTION = YES;
				GCC_WARN_UNUSED_VARIABLE = YES;
				IPHONEOS_DEPLOYMENT_TARGET = 16.0;
				MTL_ENABLE_DEBUG_INFO = INCLUDE_SOURCE;
				MTL_FAST_MATH = YES;
				ONLY_ACTIVE_ARCH = YES;
				SDKROOT = iphoneos;
				SWIFT_ACTIVE_COMPILATION_CONDITIONS = DEBUG;
				SWIFT_OPTIMIZATION_LEVEL = "-Onone";
			};
			name = Debug;
		};
		DF596EC929066BB700089861 /* Release */ = {
			isa = XCBuildConfiguration;
			buildSettings = {
				ALWAYS_SEARCH_USER_PATHS = NO;
				CLANG_ANALYZER_NONNULL = YES;
				CLANG_ANALYZER_NUMBER_OBJECT_CONVERSION = YES_AGGRESSIVE;
				CLANG_CXX_LANGUAGE_STANDARD = "gnu++20";
				CLANG_ENABLE_MODULES = YES;
				CLANG_ENABLE_OBJC_ARC = YES;
				CLANG_ENABLE_OBJC_WEAK = YES;
				CLANG_WARN_BLOCK_CAPTURE_AUTORELEASING = YES;
				CLANG_WARN_BOOL_CONVERSION = YES;
				CLANG_WARN_COMMA = YES;
				CLANG_WARN_CONSTANT_CONVERSION = YES;
				CLANG_WARN_DEPRECATED_OBJC_IMPLEMENTATIONS = YES;
				CLANG_WARN_DIRECT_OBJC_ISA_USAGE = YES_ERROR;
				CLANG_WARN_DOCUMENTATION_COMMENTS = YES;
				CLANG_WARN_EMPTY_BODY = YES;
				CLANG_WARN_ENUM_CONVERSION = YES;
				CLANG_WARN_INFINITE_RECURSION = YES;
				CLANG_WARN_INT_CONVERSION = YES;
				CLANG_WARN_NON_LITERAL_NULL_CONVERSION = YES;
				CLANG_WARN_OBJC_IMPLICIT_RETAIN_SELF = YES;
				CLANG_WARN_OBJC_LITERAL_CONVERSION = YES;
				CLANG_WARN_OBJC_ROOT_CLASS = YES_ERROR;
				CLANG_WARN_QUOTED_INCLUDE_IN_FRAMEWORK_HEADER = YES;
				CLANG_WARN_RANGE_LOOP_ANALYSIS = YES;
				CLANG_WARN_STRICT_PROTOTYPES = YES;
				CLANG_WARN_SUSPICIOUS_MOVE = YES;
				CLANG_WARN_UNGUARDED_AVAILABILITY = YES_AGGRESSIVE;
				CLANG_WARN_UNREACHABLE_CODE = YES;
				CLANG_WARN__DUPLICATE_METHOD_MATCH = YES;
				COPY_PHASE_STRIP = NO;
				DEBUG_INFORMATION_FORMAT = "dwarf-with-dsym";
				ENABLE_NS_ASSERTIONS = NO;
				ENABLE_STRICT_OBJC_MSGSEND = YES;
				GCC_C_LANGUAGE_STANDARD = gnu11;
				GCC_NO_COMMON_BLOCKS = YES;
				GCC_WARN_64_TO_32_BIT_CONVERSION = YES;
				GCC_WARN_ABOUT_RETURN_TYPE = YES_ERROR;
				GCC_WARN_UNDECLARED_SELECTOR = YES;
				GCC_WARN_UNINITIALIZED_AUTOS = YES_AGGRESSIVE;
				GCC_WARN_UNUSED_FUNCTION = YES;
				GCC_WARN_UNUSED_VARIABLE = YES;
				IPHONEOS_DEPLOYMENT_TARGET = 16.0;
				MTL_ENABLE_DEBUG_INFO = NO;
				MTL_FAST_MATH = YES;
				SDKROOT = iphoneos;
				SWIFT_COMPILATION_MODE = wholemodule;
				SWIFT_OPTIMIZATION_LEVEL = "-O";
				VALIDATE_PRODUCT = YES;
			};
			name = Release;
		};
		DF596ECB29066BB700089861 /* Debug */ = {
			isa = XCBuildConfiguration;
			buildSettings = {
				ASSETCATALOG_COMPILER_APPICON_NAME = AppIcon;
				ASSETCATALOG_COMPILER_GLOBAL_ACCENT_COLOR_NAME = AccentColor;
				CODE_SIGN_STYLE = Automatic;
				CURRENT_PROJECT_VERSION = 1;
				GENERATE_INFOPLIST_FILE = YES;
				INFOPLIST_FILE = GitRepoSearch/Info.plist;
				INFOPLIST_KEY_UIApplicationSupportsIndirectInputEvents = YES;
				INFOPLIST_KEY_UILaunchStoryboardName = LaunchScreen;
				INFOPLIST_KEY_UIMainStoryboardFile = Main;
				INFOPLIST_KEY_UISupportedInterfaceOrientations_iPad = "UIInterfaceOrientationPortrait UIInterfaceOrientationPortraitUpsideDown UIInterfaceOrientationLandscapeLeft UIInterfaceOrientationLandscapeRight";
				INFOPLIST_KEY_UISupportedInterfaceOrientations_iPhone = "UIInterfaceOrientationPortrait UIInterfaceOrientationLandscapeLeft UIInterfaceOrientationLandscapeRight";
				LD_RUNPATH_SEARCH_PATHS = (
					"$(inherited)",
					"@executable_path/Frameworks",
				);
				MARKETING_VERSION = 1.0;
				PRODUCT_BUNDLE_IDENTIFIER = com.GitRepoSearch.GitRepoSearch;
				PRODUCT_NAME = "$(TARGET_NAME)";
				SWIFT_EMIT_LOC_STRINGS = YES;
				SWIFT_VERSION = 5.0;
				TARGETED_DEVICE_FAMILY = "1,2";
			};
			name = Debug;
		};
		DF596ECC29066BB700089861 /* Release */ = {
			isa = XCBuildConfiguration;
			buildSettings = {
				ASSETCATALOG_COMPILER_APPICON_NAME = AppIcon;
				ASSETCATALOG_COMPILER_GLOBAL_ACCENT_COLOR_NAME = AccentColor;
				CODE_SIGN_STYLE = Automatic;
				CURRENT_PROJECT_VERSION = 1;
				GENERATE_INFOPLIST_FILE = YES;
				INFOPLIST_FILE = GitRepoSearch/Info.plist;
				INFOPLIST_KEY_UIApplicationSupportsIndirectInputEvents = YES;
				INFOPLIST_KEY_UILaunchStoryboardName = LaunchScreen;
				INFOPLIST_KEY_UIMainStoryboardFile = Main;
				INFOPLIST_KEY_UISupportedInterfaceOrientations_iPad = "UIInterfaceOrientationPortrait UIInterfaceOrientationPortraitUpsideDown UIInterfaceOrientationLandscapeLeft UIInterfaceOrientationLandscapeRight";
				INFOPLIST_KEY_UISupportedInterfaceOrientations_iPhone = "UIInterfaceOrientationPortrait UIInterfaceOrientationLandscapeLeft UIInterfaceOrientationLandscapeRight";
				LD_RUNPATH_SEARCH_PATHS = (
					"$(inherited)",
					"@executable_path/Frameworks",
				);
				MARKETING_VERSION = 1.0;
				PRODUCT_BUNDLE_IDENTIFIER = com.GitRepoSearch.GitRepoSearch;
				PRODUCT_NAME = "$(TARGET_NAME)";
				SWIFT_EMIT_LOC_STRINGS = YES;
				SWIFT_VERSION = 5.0;
				TARGETED_DEVICE_FAMILY = "1,2";
			};
			name = Release;
		};
/* End XCBuildConfiguration section */

/* Begin XCConfigurationList section */
		DF596EB129066BB500089861 /* Build configuration list for PBXProject "GitRepoSearch" */ = {
			isa = XCConfigurationList;
			buildConfigurations = (
				DF596EC829066BB700089861 /* Debug */,
				DF596EC929066BB700089861 /* Release */,
			);
			defaultConfigurationIsVisible = 0;
			defaultConfigurationName = Release;
		};
		DF596ECA29066BB700089861 /* Build configuration list for PBXNativeTarget "GitRepoSearch" */ = {
			isa = XCConfigurationList;
			buildConfigurations = (
				DF596ECB29066BB700089861 /* Debug */,
				DF596ECC29066BB700089861 /* Release */,
			);
			defaultConfigurationIsVisible = 0;
			defaultConfigurationName = Release;
		};
/* End XCConfigurationList section */
	};
	rootObject = DF596EAE29066BB500089861 /* Project object */;
}
